
Microsoft Visual Studio Solution File, Format Version 12.00
# Visual Studio Version 17
VisualStudioVersion = 17.9.34701.34
MinimumVisualStudioVersion = 10.0.40219.1
Project("{FAE04EC0-301F-11D3-BF4B-00C04F79EFBC}") = "Practica_4", "Practica_4\Practica_4.csproj", "{913C92B2-923B-47F8-AC06-1FEB9A5AC9F0}"
EndProject
Global
	GlobalSection(SolutionConfigurationPlatforms) = preSolution
		Debug|Any CPU = Debug|Any CPU
		Release|Any CPU = Release|Any CPU
	EndGlobalSection
	GlobalSection(ProjectConfigurationPlatforms) = postSolution
		{913C92B2-923B-47F8-AC06-1FEB9A5AC9F0}.Debug|Any CPU.ActiveCfg = Debug|Any CPU
		{913C92B2-923B-47F8-AC06-1FEB9A5AC9F0}.Debug|Any CPU.Build.0 = Debug|Any CPU
		{913C92B2-923B-47F8-AC06-1FEB9A5AC9F0}.Release|Any CPU.ActiveCfg = Release|Any CPU
		{913C92B2-923B-47F8-AC06-1FEB9A5AC9F0}.Release|Any CPU.Build.0 = Release|Any CPU
	EndGlobalSection
	GlobalSection(SolutionProperties) = preSolution
		HideSolutionNode = FALSE
	EndGlobalSection
	GlobalSection(ExtensibilityGlobals) = postSolution
		SolutionGuid = {5ED34417-5A88-45D4-91A8-22DDBCC29C2A}
	EndGlobalSection
EndGlobal
